
Microsoft Visual Studio Solution File, Format Version 12.00
# Visual Studio Version 17
VisualStudioVersion = 17.1.32414.318
MinimumVisualStudioVersion = 10.0.40219.1
Project("{2150E333-8FDC-42A3-9474-1A3956D46DE8}") = "Services", "Services", "{D4C816D4-851D-42FA-BBC1-EB9A3BFEA4A5}"
EndProject
Project("{2150E333-8FDC-42A3-9474-1A3956D46DE8}") = "Catalog", "Catalog", "{E7E6E9DD-3AE4-451C-9591-CCBFFA79B4F9}"
EndProject
Project("{9A19103F-16F7-4668-BE54-9A1E7A4F7556}") = "Catalog.API", "Services\Catalog\Catalog.API\Catalog.API.csproj", "{ABE9D6EB-C1F2-44BD-B6AF-FD38A178AAD6}"
EndProject
Project("{E53339B2-1760-4266-BCC7-CA923CBCF16C}") = "docker-compose", "docker-compose.dcproj", "{21DBE014-0448-4F02-8CE8-220503E53609}"
EndProject
Project("{2150E333-8FDC-42A3-9474-1A3956D46DE8}") = "Basket", "Basket", "{0F77D419-B5A5-4368-BE29-3B28E5DE2DEC}"
EndProject
Project("{9A19103F-16F7-4668-BE54-9A1E7A4F7556}") = "Basket.API", "Services\Basket\Basket.API\Basket.API.csproj", "{57976AC6-2153-4EC2-9367-2D97001927AC}"
EndProject
Project("{2150E333-8FDC-42A3-9474-1A3956D46DE8}") = "Discount", "Discount", "{605692ED-36B6-4B50-800D-8F9188067D15}"
EndProject
Project("{9A19103F-16F7-4668-BE54-9A1E7A4F7556}") = "Discount.API", "Services\Discount\Discount.API\Discount.API.csproj", "{95E0F0B9-1CAF-489F-9A31-023B467693CD}"
EndProject
Project("{9A19103F-16F7-4668-BE54-9A1E7A4F7556}") = "Discount.Grpc", "Services\Discount\Discount.Grpc\Discount.Grpc.csproj", "{66B5499F-4A34-4B1F-A760-5FD4C73FC954}"
EndProject
Project("{2150E333-8FDC-42A3-9474-1A3956D46DE8}") = "Ordering", "Ordering", "{C92A500A-BACC-49C3-8A50-FD6DAA4E0A8C}"
EndProject
Project("{9A19103F-16F7-4668-BE54-9A1E7A4F7556}") = "Ordering.API", "Services\Ordering\Ordering.API\Ordering.API.csproj", "{754EF9BE-908F-48E3-A363-731489D1A018}"
EndProject
Project("{9A19103F-16F7-4668-BE54-9A1E7A4F7556}") = "Ordering.Domain", "Services\Ordering\Ordering.Domain\Ordering.Domain.csproj", "{9F504EAE-D8FA-4A58-84B0-24E3FC3F9B90}"
EndProject
Project("{9A19103F-16F7-4668-BE54-9A1E7A4F7556}") = "Ordering.Application", "Services\Ordering\Ordering.Application\Ordering.Application.csproj", "{EC370FA4-5B4F-43E5-807C-7E974C83BAF0}"
EndProject
Project("{9A19103F-16F7-4668-BE54-9A1E7A4F7556}") = "Ordering.Infrastructure", "Services\Ordering\Ordering.Infrastructure\Ordering.Infrastructure.csproj", "{AA8F99FC-FFB1-4439-BE7C-E99E03C1C434}"
EndProject
Project("{2150E333-8FDC-42A3-9474-1A3956D46DE8}") = "BuildingBlocks", "BuildingBlocks", "{A8CEC16A-06D3-468C-9192-76A1C32A7C44}"
EndProject
Project("{9A19103F-16F7-4668-BE54-9A1E7A4F7556}") = "EventBus.Messages", "BuildingBlocks\EventBus.Messages\EventBus.Messages.csproj", "{BF2A0E2B-E790-4775-84C8-717AF93B396D}"
EndProject
Project("{2150E333-8FDC-42A3-9474-1A3956D46DE8}") = "ApiGateways", "ApiGateways", "{6E18465C-53A4-4DBC-9C2E-E7BB1492598E}"
EndProject
Project("{9A19103F-16F7-4668-BE54-9A1E7A4F7556}") = "OcelotApiGateway", "ApiGateways\OcelotApiGateway\OcelotApiGateway.csproj", "{B5221472-978B-4104-A30D-768EEC34844B}"
EndProject
Project("{9A19103F-16F7-4668-BE54-9A1E7A4F7556}") = "Shopping.Aggregator", "ApiGateways\Shopping.Aggregator\Shopping.Aggregator.csproj", "{304502FE-05C1-41A7-BD8C-798EF49143AD}"
EndProject
Project("{2150E333-8FDC-42A3-9474-1A3956D46DE8}") = "WebApps", "WebApps", "{3FD5975B-6ADC-4746-A66E-114311394BDD}"
EndProject
Project("{9A19103F-16F7-4668-BE54-9A1E7A4F7556}") = "AspnetRunBasics", "WebApps\AspnetRunBasics\AspnetRunBasics.csproj", "{350FE717-419C-432C-A112-C0535C104A83}"
EndProject
Project("{9A19103F-16F7-4668-BE54-9A1E7A4F7556}") = "Common.Logging", "BuildingBlocks\Common.Logging\Common.Logging.csproj", "{A67F437B-BAD0-40ED-A637-35BDD713CED6}"
EndProject
Project("{FAE04EC0-301F-11D3-BF4B-00C04F79EFBC}") = "WebStatus", "WebApps\WebStatus\WebStatus.csproj", "{E52E06C8-A3E6-491A-BA0D-589E7B759B8D}"
EndProject
Global
	GlobalSection(SolutionConfigurationPlatforms) = preSolution
		Debug|Any CPU = Debug|Any CPU
		Release|Any CPU = Release|Any CPU
	EndGlobalSection
	GlobalSection(ProjectConfigurationPlatforms) = postSolution
		{ABE9D6EB-C1F2-44BD-B6AF-FD38A178AAD6}.Debug|Any CPU.ActiveCfg = Debug|Any CPU
		{ABE9D6EB-C1F2-44BD-B6AF-FD38A178AAD6}.Debug|Any CPU.Build.0 = Debug|Any CPU
		{ABE9D6EB-C1F2-44BD-B6AF-FD38A178AAD6}.Release|Any CPU.ActiveCfg = Release|Any CPU
		{ABE9D6EB-C1F2-44BD-B6AF-FD38A178AAD6}.Release|Any CPU.Build.0 = Release|Any CPU
		{21DBE014-0448-4F02-8CE8-220503E53609}.Debug|Any CPU.ActiveCfg = Debug|Any CPU
		{21DBE014-0448-4F02-8CE8-220503E53609}.Debug|Any CPU.Build.0 = Debug|Any CPU
		{21DBE014-0448-4F02-8CE8-220503E53609}.Release|Any CPU.ActiveCfg = Release|Any CPU
		{21DBE014-0448-4F02-8CE8-220503E53609}.Release|Any CPU.Build.0 = Release|Any CPU
		{57976AC6-2153-4EC2-9367-2D97001927AC}.Debug|Any CPU.ActiveCfg = Debug|Any CPU
		{57976AC6-2153-4EC2-9367-2D97001927AC}.Debug|Any CPU.Build.0 = Debug|Any CPU
		{57976AC6-2153-4EC2-9367-2D97001927AC}.Release|Any CPU.ActiveCfg = Release|Any CPU
		{57976AC6-2153-4EC2-9367-2D97001927AC}.Release|Any CPU.Build.0 = Release|Any CPU
		{95E0F0B9-1CAF-489F-9A31-023B467693CD}.Debug|Any CPU.ActiveCfg = Debug|Any CPU
		{95E0F0B9-1CAF-489F-9A31-023B467693CD}.Debug|Any CPU.Build.0 = Debug|Any CPU
		{95E0F0B9-1CAF-489F-9A31-023B467693CD}.Release|Any CPU.ActiveCfg = Release|Any CPU
		{95E0F0B9-1CAF-489F-9A31-023B467693CD}.Release|Any CPU.Build.0 = Release|Any CPU
		{66B5499F-4A34-4B1F-A760-5FD4C73FC954}.Debug|Any CPU.ActiveCfg = Debug|Any CPU
		{66B5499F-4A34-4B1F-A760-5FD4C73FC954}.Debug|Any CPU.Build.0 = Debug|Any CPU
		{66B5499F-4A34-4B1F-A760-5FD4C73FC954}.Release|Any CPU.ActiveCfg = Release|Any CPU
		{66B5499F-4A34-4B1F-A760-5FD4C73FC954}.Release|Any CPU.Build.0 = Release|Any CPU
		{754EF9BE-908F-48E3-A363-731489D1A018}.Debug|Any CPU.ActiveCfg = Debug|Any CPU
		{754EF9BE-908F-48E3-A363-731489D1A018}.Debug|Any CPU.Build.0 = Debug|Any CPU
		{754EF9BE-908F-48E3-A363-731489D1A018}.Release|Any CPU.ActiveCfg = Release|Any CPU
		{754EF9BE-908F-48E3-A363-731489D1A018}.Release|Any CPU.Build.0 = Release|Any CPU
		{9F504EAE-D8FA-4A58-84B0-24E3FC3F9B90}.Debug|Any CPU.ActiveCfg = Debug|Any CPU
		{9F504EAE-D8FA-4A58-84B0-24E3FC3F9B90}.Debug|Any CPU.Build.0 = Debug|Any CPU
		{9F504EAE-D8FA-4A58-84B0-24E3FC3F9B90}.Release|Any CPU.ActiveCfg = Release|Any CPU
		{9F504EAE-D8FA-4A58-84B0-24E3FC3F9B90}.Release|Any CPU.Build.0 = Release|Any CPU
		{EC370FA4-5B4F-43E5-807C-7E974C83BAF0}.Debug|Any CPU.ActiveCfg = Debug|Any CPU
		{EC370FA4-5B4F-43E5-807C-7E974C83BAF0}.Debug|Any CPU.Build.0 = Debug|Any CPU
		{EC370FA4-5B4F-43E5-807C-7E974C83BAF0}.Release|Any CPU.ActiveCfg = Release|Any CPU
		{EC370FA4-5B4F-43E5-807C-7E974C83BAF0}.Release|Any CPU.Build.0 = Release|Any CPU
		{AA8F99FC-FFB1-4439-BE7C-E99E03C1C434}.Debug|Any CPU.ActiveCfg = Debug|Any CPU
		{AA8F99FC-FFB1-4439-BE7C-E99E03C1C434}.Debug|Any CPU.Build.0 = Debug|Any CPU
		{AA8F99FC-FFB1-4439-BE7C-E99E03C1C434}.Release|Any CPU.ActiveCfg = Release|Any CPU
		{AA8F99FC-FFB1-4439-BE7C-E99E03C1C434}.Release|Any CPU.Build.0 = Release|Any CPU
		{BF2A0E2B-E790-4775-84C8-717AF93B396D}.Debug|Any CPU.ActiveCfg = Debug|Any CPU
		{BF2A0E2B-E790-4775-84C8-717AF93B396D}.Debug|Any CPU.Build.0 = Debug|Any CPU
		{BF2A0E2B-E790-4775-84C8-717AF93B396D}.Release|Any CPU.ActiveCfg = Release|Any CPU
		{BF2A0E2B-E790-4775-84C8-717AF93B396D}.Release|Any CPU.Build.0 = Release|Any CPU
		{B5221472-978B-4104-A30D-768EEC34844B}.Debug|Any CPU.ActiveCfg = Debug|Any CPU
		{B5221472-978B-4104-A30D-768EEC34844B}.Debug|Any CPU.Build.0 = Debug|Any CPU
		{B5221472-978B-4104-A30D-768EEC34844B}.Release|Any CPU.ActiveCfg = Release|Any CPU
		{B5221472-978B-4104-A30D-768EEC34844B}.Release|Any CPU.Build.0 = Release|Any CPU
		{304502FE-05C1-41A7-BD8C-798EF49143AD}.Debug|Any CPU.ActiveCfg = Debug|Any CPU
		{304502FE-05C1-41A7-BD8C-798EF49143AD}.Debug|Any CPU.Build.0 = Debug|Any CPU
		{304502FE-05C1-41A7-BD8C-798EF49143AD}.Release|Any CPU.ActiveCfg = Release|Any CPU
		{304502FE-05C1-41A7-BD8C-798EF49143AD}.Release|Any CPU.Build.0 = Release|Any CPU
		{350FE717-419C-432C-A112-C0535C104A83}.Debug|Any CPU.ActiveCfg = Debug|Any CPU
		{350FE717-419C-432C-A112-C0535C104A83}.Debug|Any CPU.Build.0 = Debug|Any CPU
		{350FE717-419C-432C-A112-C0535C104A83}.Release|Any CPU.ActiveCfg = Release|Any CPU
		{350FE717-419C-432C-A112-C0535C104A83}.Release|Any CPU.Build.0 = Release|Any CPU
		{A67F437B-BAD0-40ED-A637-35BDD713CED6}.Debug|Any CPU.ActiveCfg = Debug|Any CPU
		{A67F437B-BAD0-40ED-A637-35BDD713CED6}.Debug|Any CPU.Build.0 = Debug|Any CPU
		{A67F437B-BAD0-40ED-A637-35BDD713CED6}.Release|Any CPU.ActiveCfg = Release|Any CPU
		{A67F437B-BAD0-40ED-A637-35BDD713CED6}.Release|Any CPU.Build.0 = Release|Any CPU
		{E52E06C8-A3E6-491A-BA0D-589E7B759B8D}.Debug|Any CPU.ActiveCfg = Debug|Any CPU
		{E52E06C8-A3E6-491A-BA0D-589E7B759B8D}.Debug|Any CPU.Build.0 = Debug|Any CPU
		{E52E06C8-A3E6-491A-BA0D-589E7B759B8D}.Release|Any CPU.ActiveCfg = Release|Any CPU
		{E52E06C8-A3E6-491A-BA0D-589E7B759B8D}.Release|Any CPU.Build.0 = Release|Any CPU
	EndGlobalSection
	GlobalSection(SolutionProperties) = preSolution
		HideSolutionNode = FALSE
	EndGlobalSection
	GlobalSection(NestedProjects) = preSolution
		{E7E6E9DD-3AE4-451C-9591-CCBFFA79B4F9} = {D4C816D4-851D-42FA-BBC1-EB9A3BFEA4A5}
		{ABE9D6EB-C1F2-44BD-B6AF-FD38A178AAD6} = {E7E6E9DD-3AE4-451C-9591-CCBFFA79B4F9}
		{0F77D419-B5A5-4368-BE29-3B28E5DE2DEC} = {D4C816D4-851D-42FA-BBC1-EB9A3BFEA4A5}
		{57976AC6-2153-4EC2-9367-2D97001927AC} = {0F77D419-B5A5-4368-BE29-3B28E5DE2DEC}
		{605692ED-36B6-4B50-800D-8F9188067D15} = {D4C816D4-851D-42FA-BBC1-EB9A3BFEA4A5}
		{95E0F0B9-1CAF-489F-9A31-023B467693CD} = {605692ED-36B6-4B50-800D-8F9188067D15}
		{66B5499F-4A34-4B1F-A760-5FD4C73FC954} = {605692ED-36B6-4B50-800D-8F9188067D15}
		{C92A500A-BACC-49C3-8A50-FD6DAA4E0A8C} = {D4C816D4-851D-42FA-BBC1-EB9A3BFEA4A5}
		{754EF9BE-908F-48E3-A363-731489D1A018} = {C92A500A-BACC-49C3-8A50-FD6DAA4E0A8C}
		{9F504EAE-D8FA-4A58-84B0-24E3FC3F9B90} = {C92A500A-BACC-49C3-8A50-FD6DAA4E0A8C}
		{EC370FA4-5B4F-43E5-807C-7E974C83BAF0} = {C92A500A-BACC-49C3-8A50-FD6DAA4E0A8C}
		{AA8F99FC-FFB1-4439-BE7C-E99E03C1C434} = {C92A500A-BACC-49C3-8A50-FD6DAA4E0A8C}
		{BF2A0E2B-E790-4775-84C8-717AF93B396D} = {A8CEC16A-06D3-468C-9192-76A1C32A7C44}
		{B5221472-978B-4104-A30D-768EEC34844B} = {6E18465C-53A4-4DBC-9C2E-E7BB1492598E}
		{304502FE-05C1-41A7-BD8C-798EF49143AD} = {6E18465C-53A4-4DBC-9C2E-E7BB1492598E}
		{350FE717-419C-432C-A112-C0535C104A83} = {3FD5975B-6ADC-4746-A66E-114311394BDD}
		{A67F437B-BAD0-40ED-A637-35BDD713CED6} = {A8CEC16A-06D3-468C-9192-76A1C32A7C44}
		{E52E06C8-A3E6-491A-BA0D-589E7B759B8D} = {3FD5975B-6ADC-4746-A66E-114311394BDD}
	EndGlobalSection
	GlobalSection(ExtensibilityGlobals) = postSolution
		SolutionGuid = {1AA78B1D-6362-4006-AA8D-7332D6DB7F38}
	EndGlobalSection
EndGlobal
